
Microsoft Visual Studio Solution File, Format Version 12.00
# Visual Studio Version 17
VisualStudioVersion = 17.8.34408.163
MinimumVisualStudioVersion = 10.0.40219.1
Project("{FAE04EC0-301F-11D3-BF4B-00C04F79EFBC}") = "PDF2toJpeg", "PDF2toJpeg\PDF2toJpeg.csproj", "{29CAA8C1-1A07-4A70-B078-40C63F97AFF3}"
EndProject
Global
	GlobalSection(SolutionConfigurationPlatforms) = preSolution
		Debug|Any CPU = Debug|Any CPU
		Release|Any CPU = Release|Any CPU
	EndGlobalSection
	GlobalSection(ProjectConfigurationPlatforms) = postSolution
		{29CAA8C1-1A07-4A70-B078-40C63F97AFF3}.Debug|Any CPU.ActiveCfg = Debug|Any CPU
		{29CAA8C1-1A07-4A70-B078-40C63F97AFF3}.Debug|Any CPU.Build.0 = Debug|Any CPU
		{29CAA8C1-1A07-4A70-B078-40C63F97AFF3}.Release|Any CPU.ActiveCfg = Release|Any CPU
		{29CAA8C1-1A07-4A70-B078-40C63F97AFF3}.Release|Any CPU.Build.0 = Release|Any CPU
	EndGlobalSection
	GlobalSection(SolutionProperties) = preSolution
		HideSolutionNode = FALSE
	EndGlobalSection
	GlobalSection(ExtensibilityGlobals) = postSolution
		SolutionGuid = {E03E75D3-A7CF-4B4F-8800-85C8BD2926A1}
	EndGlobalSection
EndGlobal
