
Microsoft Visual Studio Solution File, Format Version 12.00
# Visual Studio 14
VisualStudioVersion = 14.0.25123.0
MinimumVisualStudioVersion = 10.0.40219.1
Project("{FAE04EC0-301F-11D3-BF4B-00C04F79EFBC}") = "List7-3", "List7-3\List7-3.csproj", "{DD744DAE-0E83-4971-97D7-B4450F35A323}"
EndProject
Global
	GlobalSection(SolutionConfigurationPlatforms) = preSolution
		Debug|Any CPU = Debug|Any CPU
		Release|Any CPU = Release|Any CPU
	EndGlobalSection
	GlobalSection(ProjectConfigurationPlatforms) = postSolution
		{DD744DAE-0E83-4971-97D7-B4450F35A323}.Debug|Any CPU.ActiveCfg = Debug|Any CPU
		{DD744DAE-0E83-4971-97D7-B4450F35A323}.Debug|Any CPU.Build.0 = Debug|Any CPU
		{DD744DAE-0E83-4971-97D7-B4450F35A323}.Release|Any CPU.ActiveCfg = Release|Any CPU
		{DD744DAE-0E83-4971-97D7-B4450F35A323}.Release|Any CPU.Build.0 = Release|Any CPU
	EndGlobalSection
	GlobalSection(SolutionProperties) = preSolution
		HideSolutionNode = FALSE
	EndGlobalSection
EndGlobal
