
Microsoft Visual Studio Solution File, Format Version 12.00
# Visual Studio Express 2012 for Windows 8
Project("{FAE04EC0-301F-11D3-BF4B-00C04F79EFBC}") = "ManyCore0402.CellularAutomaton", "ManyCore0402.CellularAutomaton\ManyCore0402.CellularAutomaton.csproj", "{1674C062-68D9-4F9E-BDAB-7485765DAB68}"
EndProject
Project("{FAE04EC0-301F-11D3-BF4B-00C04F79EFBC}") = "ManyCore0402.CellularAutomatonTests", "ManyCore0402.CellularAutomatonTests\ManyCore0402.CellularAutomatonTests.csproj", "{24302811-F703-4A1F-86C2-002C17DF0C7B}"
EndProject
Global
	GlobalSection(SolutionConfigurationPlatforms) = preSolution
		Debug|Any CPU = Debug|Any CPU
		Debug|ARM = Debug|ARM
		Debug|x64 = Debug|x64
		Debug|x86 = Debug|x86
		Release|Any CPU = Release|Any CPU
		Release|ARM = Release|ARM
		Release|x64 = Release|x64
		Release|x86 = Release|x86
	EndGlobalSection
	GlobalSection(ProjectConfigurationPlatforms) = postSolution
		{1674C062-68D9-4F9E-BDAB-7485765DAB68}.Debug|Any CPU.ActiveCfg = Debug|Any CPU
		{1674C062-68D9-4F9E-BDAB-7485765DAB68}.Debug|Any CPU.Build.0 = Debug|Any CPU
		{1674C062-68D9-4F9E-BDAB-7485765DAB68}.Debug|Any CPU.Deploy.0 = Debug|Any CPU
		{1674C062-68D9-4F9E-BDAB-7485765DAB68}.Debug|ARM.ActiveCfg = Debug|ARM
		{1674C062-68D9-4F9E-BDAB-7485765DAB68}.Debug|ARM.Build.0 = Debug|ARM
		{1674C062-68D9-4F9E-BDAB-7485765DAB68}.Debug|ARM.Deploy.0 = Debug|ARM
		{1674C062-68D9-4F9E-BDAB-7485765DAB68}.Debug|x64.ActiveCfg = Debug|x64
		{1674C062-68D9-4F9E-BDAB-7485765DAB68}.Debug|x64.Build.0 = Debug|x64
		{1674C062-68D9-4F9E-BDAB-7485765DAB68}.Debug|x64.Deploy.0 = Debug|x64
		{1674C062-68D9-4F9E-BDAB-7485765DAB68}.Debug|x86.ActiveCfg = Debug|x86
		{1674C062-68D9-4F9E-BDAB-7485765DAB68}.Debug|x86.Build.0 = Debug|x86
		{1674C062-68D9-4F9E-BDAB-7485765DAB68}.Debug|x86.Deploy.0 = Debug|x86
		{1674C062-68D9-4F9E-BDAB-7485765DAB68}.Release|Any CPU.ActiveCfg = Release|Any CPU
		{1674C062-68D9-4F9E-BDAB-7485765DAB68}.Release|Any CPU.Build.0 = Release|Any CPU
		{1674C062-68D9-4F9E-BDAB-7485765DAB68}.Release|Any CPU.Deploy.0 = Release|Any CPU
		{1674C062-68D9-4F9E-BDAB-7485765DAB68}.Release|ARM.ActiveCfg = Release|ARM
		{1674C062-68D9-4F9E-BDAB-7485765DAB68}.Release|ARM.Build.0 = Release|ARM
		{1674C062-68D9-4F9E-BDAB-7485765DAB68}.Release|ARM.Deploy.0 = Release|ARM
		{1674C062-68D9-4F9E-BDAB-7485765DAB68}.Release|x64.ActiveCfg = Release|x64
		{1674C062-68D9-4F9E-BDAB-7485765DAB68}.Release|x64.Build.0 = Release|x64
		{1674C062-68D9-4F9E-BDAB-7485765DAB68}.Release|x64.Deploy.0 = Release|x64
		{1674C062-68D9-4F9E-BDAB-7485765DAB68}.Release|x86.ActiveCfg = Release|x86
		{1674C062-68D9-4F9E-BDAB-7485765DAB68}.Release|x86.Build.0 = Release|x86
		{1674C062-68D9-4F9E-BDAB-7485765DAB68}.Release|x86.Deploy.0 = Release|x86
		{24302811-F703-4A1F-86C2-002C17DF0C7B}.Debug|Any CPU.ActiveCfg = Debug|Any CPU
		{24302811-F703-4A1F-86C2-002C17DF0C7B}.Debug|Any CPU.Build.0 = Debug|Any CPU
		{24302811-F703-4A1F-86C2-002C17DF0C7B}.Debug|Any CPU.Deploy.0 = Debug|Any CPU
		{24302811-F703-4A1F-86C2-002C17DF0C7B}.Debug|ARM.ActiveCfg = Debug|ARM
		{24302811-F703-4A1F-86C2-002C17DF0C7B}.Debug|ARM.Build.0 = Debug|ARM
		{24302811-F703-4A1F-86C2-002C17DF0C7B}.Debug|ARM.Deploy.0 = Debug|ARM
		{24302811-F703-4A1F-86C2-002C17DF0C7B}.Debug|x64.ActiveCfg = Debug|x64
		{24302811-F703-4A1F-86C2-002C17DF0C7B}.Debug|x64.Build.0 = Debug|x64
		{24302811-F703-4A1F-86C2-002C17DF0C7B}.Debug|x64.Deploy.0 = Debug|x64
		{24302811-F703-4A1F-86C2-002C17DF0C7B}.Debug|x86.ActiveCfg = Debug|x86
		{24302811-F703-4A1F-86C2-002C17DF0C7B}.Debug|x86.Build.0 = Debug|x86
		{24302811-F703-4A1F-86C2-002C17DF0C7B}.Debug|x86.Deploy.0 = Debug|x86
		{24302811-F703-4A1F-86C2-002C17DF0C7B}.Release|Any CPU.ActiveCfg = Release|Any CPU
		{24302811-F703-4A1F-86C2-002C17DF0C7B}.Release|Any CPU.Build.0 = Release|Any CPU
		{24302811-F703-4A1F-86C2-002C17DF0C7B}.Release|Any CPU.Deploy.0 = Release|Any CPU
		{24302811-F703-4A1F-86C2-002C17DF0C7B}.Release|ARM.ActiveCfg = Release|ARM
		{24302811-F703-4A1F-86C2-002C17DF0C7B}.Release|ARM.Build.0 = Release|ARM
		{24302811-F703-4A1F-86C2-002C17DF0C7B}.Release|ARM.Deploy.0 = Release|ARM
		{24302811-F703-4A1F-86C2-002C17DF0C7B}.Release|x64.ActiveCfg = Release|x64
		{24302811-F703-4A1F-86C2-002C17DF0C7B}.Release|x64.Build.0 = Release|x64
		{24302811-F703-4A1F-86C2-002C17DF0C7B}.Release|x64.Deploy.0 = Release|x64
		{24302811-F703-4A1F-86C2-002C17DF0C7B}.Release|x86.ActiveCfg = Release|x86
		{24302811-F703-4A1F-86C2-002C17DF0C7B}.Release|x86.Build.0 = Release|x86
		{24302811-F703-4A1F-86C2-002C17DF0C7B}.Release|x86.Deploy.0 = Release|x86
	EndGlobalSection
	GlobalSection(SolutionProperties) = preSolution
		HideSolutionNode = FALSE
	EndGlobalSection
EndGlobal
