
Microsoft Visual Studio Solution File, Format Version 12.00
# Visual Studio 14
VisualStudioVersion = 14.0.25123.0
MinimumVisualStudioVersion = 10.0.40219.1
Project("{FAE04EC0-301F-11D3-BF4B-00C04F79EFBC}") = "List6-4", "List6-4\List6-4.csproj", "{AB53EB93-0A64-4926-BB10-85911F84CBBC}"
EndProject
Global
	GlobalSection(SolutionConfigurationPlatforms) = preSolution
		Debug|Any CPU = Debug|Any CPU
		Release|Any CPU = Release|Any CPU
	EndGlobalSection
	GlobalSection(ProjectConfigurationPlatforms) = postSolution
		{AB53EB93-0A64-4926-BB10-85911F84CBBC}.Debug|Any CPU.ActiveCfg = Debug|Any CPU
		{AB53EB93-0A64-4926-BB10-85911F84CBBC}.Debug|Any CPU.Build.0 = Debug|Any CPU
		{AB53EB93-0A64-4926-BB10-85911F84CBBC}.Release|Any CPU.ActiveCfg = Release|Any CPU
		{AB53EB93-0A64-4926-BB10-85911F84CBBC}.Release|Any CPU.Build.0 = Release|Any CPU
	EndGlobalSection
	GlobalSection(SolutionProperties) = preSolution
		HideSolutionNode = FALSE
	EndGlobalSection
EndGlobal
