
Microsoft Visual Studio Solution File, Format Version 12.00
# Visual Studio 14
VisualStudioVersion = 14.0.25123.0
MinimumVisualStudioVersion = 10.0.40219.1
Project("{FAE04EC0-301F-11D3-BF4B-00C04F79EFBC}") = "List3-12", "List3-12\List3-12.csproj", "{E501885B-3305-4386-9738-4D6118EE8C84}"
EndProject
Global
	GlobalSection(SolutionConfigurationPlatforms) = preSolution
		Debug|Any CPU = Debug|Any CPU
		Release|Any CPU = Release|Any CPU
	EndGlobalSection
	GlobalSection(ProjectConfigurationPlatforms) = postSolution
		{E501885B-3305-4386-9738-4D6118EE8C84}.Debug|Any CPU.ActiveCfg = Debug|Any CPU
		{E501885B-3305-4386-9738-4D6118EE8C84}.Debug|Any CPU.Build.0 = Debug|Any CPU
		{E501885B-3305-4386-9738-4D6118EE8C84}.Release|Any CPU.ActiveCfg = Release|Any CPU
		{E501885B-3305-4386-9738-4D6118EE8C84}.Release|Any CPU.Build.0 = Release|Any CPU
	EndGlobalSection
	GlobalSection(SolutionProperties) = preSolution
		HideSolutionNode = FALSE
	EndGlobalSection
EndGlobal
