
Microsoft Visual Studio Solution File, Format Version 12.00
# Visual Studio 14
VisualStudioVersion = 14.0.24720.0
MinimumVisualStudioVersion = 10.0.40219.1
Project("{FAE04EC0-301F-11D3-BF4B-00C04F79EFBC}") = "List2-16", "List2-16\List2-16.csproj", "{67904111-41EC-4697-B5E3-856280E98129}"
EndProject
Global
	GlobalSection(SolutionConfigurationPlatforms) = preSolution
		Debug|Any CPU = Debug|Any CPU
		Release|Any CPU = Release|Any CPU
	EndGlobalSection
	GlobalSection(ProjectConfigurationPlatforms) = postSolution
		{67904111-41EC-4697-B5E3-856280E98129}.Debug|Any CPU.ActiveCfg = Debug|Any CPU
		{67904111-41EC-4697-B5E3-856280E98129}.Debug|Any CPU.Build.0 = Debug|Any CPU
		{67904111-41EC-4697-B5E3-856280E98129}.Release|Any CPU.ActiveCfg = Release|Any CPU
		{67904111-41EC-4697-B5E3-856280E98129}.Release|Any CPU.Build.0 = Release|Any CPU
	EndGlobalSection
	GlobalSection(SolutionProperties) = preSolution
		HideSolutionNode = FALSE
	EndGlobalSection
EndGlobal
