
Microsoft Visual Studio Solution File, Format Version 12.00
# Visual Studio Version 17
VisualStudioVersion = 17.6.33723.286
MinimumVisualStudioVersion = 10.0.40219.1
Project("{FAE04EC0-301F-11D3-BF4B-00C04F79EFBC}") = "ConsoleApp1", "ConsoleApp1\ConsoleApp1.csproj", "{E170E5DB-D62B-4AF5-8CB5-5E0B22D5E4A6}"
EndProject
Global
	GlobalSection(SolutionConfigurationPlatforms) = preSolution
		Debug|Any CPU = Debug|Any CPU
		Release|Any CPU = Release|Any CPU
	EndGlobalSection
	GlobalSection(ProjectConfigurationPlatforms) = postSolution
		{E170E5DB-D62B-4AF5-8CB5-5E0B22D5E4A6}.Debug|Any CPU.ActiveCfg = Debug|Any CPU
		{E170E5DB-D62B-4AF5-8CB5-5E0B22D5E4A6}.Debug|Any CPU.Build.0 = Debug|Any CPU
		{E170E5DB-D62B-4AF5-8CB5-5E0B22D5E4A6}.Release|Any CPU.ActiveCfg = Release|Any CPU
		{E170E5DB-D62B-4AF5-8CB5-5E0B22D5E4A6}.Release|Any CPU.Build.0 = Release|Any CPU
	EndGlobalSection
	GlobalSection(SolutionProperties) = preSolution
		HideSolutionNode = FALSE
	EndGlobalSection
	GlobalSection(ExtensibilityGlobals) = postSolution
		SolutionGuid = {ED68091E-CF0C-4A3E-81FE-C2FB6D6F635C}
	EndGlobalSection
EndGlobal
