
Microsoft Visual Studio Solution File, Format Version 12.00
# Visual Studio 14
VisualStudioVersion = 14.0.24720.0
MinimumVisualStudioVersion = 10.0.40219.1
Project("{FAE04EC0-301F-11D3-BF4B-00C04F79EFBC}") = "List2-4", "List2-4\List2-4.csproj", "{B59D5575-B161-4E74-AD45-9F5CF7786885}"
EndProject
Global
	GlobalSection(SolutionConfigurationPlatforms) = preSolution
		Debug|Any CPU = Debug|Any CPU
		Release|Any CPU = Release|Any CPU
	EndGlobalSection
	GlobalSection(ProjectConfigurationPlatforms) = postSolution
		{B59D5575-B161-4E74-AD45-9F5CF7786885}.Debug|Any CPU.ActiveCfg = Debug|Any CPU
		{B59D5575-B161-4E74-AD45-9F5CF7786885}.Debug|Any CPU.Build.0 = Debug|Any CPU
		{B59D5575-B161-4E74-AD45-9F5CF7786885}.Release|Any CPU.ActiveCfg = Release|Any CPU
		{B59D5575-B161-4E74-AD45-9F5CF7786885}.Release|Any CPU.Build.0 = Release|Any CPU
	EndGlobalSection
	GlobalSection(SolutionProperties) = preSolution
		HideSolutionNode = FALSE
	EndGlobalSection
EndGlobal
