
Microsoft Visual Studio Solution File, Format Version 12.00
# Visual Studio 14
VisualStudioVersion = 14.0.25123.0
MinimumVisualStudioVersion = 10.0.40219.1
Project("{FAE04EC0-301F-11D3-BF4B-00C04F79EFBC}") = "List7-26", "List7-26\List7-26.csproj", "{D60A2F58-F806-43F4-BAB4-992A82350102}"
EndProject
Global
	GlobalSection(SolutionConfigurationPlatforms) = preSolution
		Debug|Any CPU = Debug|Any CPU
		Release|Any CPU = Release|Any CPU
	EndGlobalSection
	GlobalSection(ProjectConfigurationPlatforms) = postSolution
		{D60A2F58-F806-43F4-BAB4-992A82350102}.Debug|Any CPU.ActiveCfg = Debug|Any CPU
		{D60A2F58-F806-43F4-BAB4-992A82350102}.Debug|Any CPU.Build.0 = Debug|Any CPU
		{D60A2F58-F806-43F4-BAB4-992A82350102}.Release|Any CPU.ActiveCfg = Release|Any CPU
		{D60A2F58-F806-43F4-BAB4-992A82350102}.Release|Any CPU.Build.0 = Release|Any CPU
	EndGlobalSection
	GlobalSection(SolutionProperties) = preSolution
		HideSolutionNode = FALSE
	EndGlobalSection
EndGlobal
