
Microsoft Visual Studio Solution File, Format Version 12.00
# Visual Studio Version 17
VisualStudioVersion = 17.7.34031.279
MinimumVisualStudioVersion = 10.0.40219.1
Project("{FAE04EC0-301F-11D3-BF4B-00C04F79EFBC}") = "App2", "App2.csproj", "{CA2B26B2-BA27-4D71-B32E-9765531DA947}"
EndProject
Global
	GlobalSection(SolutionConfigurationPlatforms) = preSolution
		Debug|ARM = Debug|ARM
		Debug|ARM64 = Debug|ARM64
		Debug|x64 = Debug|x64
		Debug|x86 = Debug|x86
		Release|ARM = Release|ARM
		Release|ARM64 = Release|ARM64
		Release|x64 = Release|x64
		Release|x86 = Release|x86
	EndGlobalSection
	GlobalSection(ProjectConfigurationPlatforms) = postSolution
		{CA2B26B2-BA27-4D71-B32E-9765531DA947}.Debug|ARM.ActiveCfg = Debug|ARM
		{CA2B26B2-BA27-4D71-B32E-9765531DA947}.Debug|ARM.Build.0 = Debug|ARM
		{CA2B26B2-BA27-4D71-B32E-9765531DA947}.Debug|ARM.Deploy.0 = Debug|ARM
		{CA2B26B2-BA27-4D71-B32E-9765531DA947}.Debug|ARM64.ActiveCfg = Debug|ARM64
		{CA2B26B2-BA27-4D71-B32E-9765531DA947}.Debug|ARM64.Build.0 = Debug|ARM64
		{CA2B26B2-BA27-4D71-B32E-9765531DA947}.Debug|ARM64.Deploy.0 = Debug|ARM64
		{CA2B26B2-BA27-4D71-B32E-9765531DA947}.Debug|x64.ActiveCfg = Debug|x64
		{CA2B26B2-BA27-4D71-B32E-9765531DA947}.Debug|x64.Build.0 = Debug|x64
		{CA2B26B2-BA27-4D71-B32E-9765531DA947}.Debug|x64.Deploy.0 = Debug|x64
		{CA2B26B2-BA27-4D71-B32E-9765531DA947}.Debug|x86.ActiveCfg = Debug|x86
		{CA2B26B2-BA27-4D71-B32E-9765531DA947}.Debug|x86.Build.0 = Debug|x86
		{CA2B26B2-BA27-4D71-B32E-9765531DA947}.Debug|x86.Deploy.0 = Debug|x86
		{CA2B26B2-BA27-4D71-B32E-9765531DA947}.Release|ARM.ActiveCfg = Release|ARM
		{CA2B26B2-BA27-4D71-B32E-9765531DA947}.Release|ARM.Build.0 = Release|ARM
		{CA2B26B2-BA27-4D71-B32E-9765531DA947}.Release|ARM.Deploy.0 = Release|ARM
		{CA2B26B2-BA27-4D71-B32E-9765531DA947}.Release|ARM64.ActiveCfg = Release|ARM64
		{CA2B26B2-BA27-4D71-B32E-9765531DA947}.Release|ARM64.Build.0 = Release|ARM64
		{CA2B26B2-BA27-4D71-B32E-9765531DA947}.Release|ARM64.Deploy.0 = Release|ARM64
		{CA2B26B2-BA27-4D71-B32E-9765531DA947}.Release|x64.ActiveCfg = Release|x64
		{CA2B26B2-BA27-4D71-B32E-9765531DA947}.Release|x64.Build.0 = Release|x64
		{CA2B26B2-BA27-4D71-B32E-9765531DA947}.Release|x64.Deploy.0 = Release|x64
		{CA2B26B2-BA27-4D71-B32E-9765531DA947}.Release|x86.ActiveCfg = Release|x86
		{CA2B26B2-BA27-4D71-B32E-9765531DA947}.Release|x86.Build.0 = Release|x86
		{CA2B26B2-BA27-4D71-B32E-9765531DA947}.Release|x86.Deploy.0 = Release|x86
	EndGlobalSection
	GlobalSection(SolutionProperties) = preSolution
		HideSolutionNode = FALSE
	EndGlobalSection
	GlobalSection(ExtensibilityGlobals) = postSolution
		SolutionGuid = {8A97D154-D7ED-4AC3-8AEC-A0FDFF478662}
	EndGlobalSection
EndGlobal
