
Microsoft Visual Studio Solution File, Format Version 12.00
# Visual Studio Version 17
VisualStudioVersion = 17.8.34408.163
MinimumVisualStudioVersion = 10.0.40219.1
Project("{9A19103F-16F7-4668-BE54-9A1E7A4F7556}") = "PDFtoImage", "PDFtoImage.csproj", "{F56214C4-340A-4DEA-9FC3-7496AD019478}"
EndProject
Project("{FAE04EC0-301F-11D3-BF4B-00C04F79EFBC}") = "WinFormsLibrary2", "..\WinFormsLibrary2\WinFormsLibrary2.csproj", "{8299AC81-6198-4E87-9816-D004657539D0}"
EndProject
Global
	GlobalSection(SolutionConfigurationPlatforms) = preSolution
		Debug|Any CPU = Debug|Any CPU
		Release|Any CPU = Release|Any CPU
	EndGlobalSection
	GlobalSection(ProjectConfigurationPlatforms) = postSolution
		{F56214C4-340A-4DEA-9FC3-7496AD019478}.Debug|Any CPU.ActiveCfg = Debug|Any CPU
		{F56214C4-340A-4DEA-9FC3-7496AD019478}.Debug|Any CPU.Build.0 = Debug|Any CPU
		{F56214C4-340A-4DEA-9FC3-7496AD019478}.Release|Any CPU.ActiveCfg = Release|Any CPU
		{F56214C4-340A-4DEA-9FC3-7496AD019478}.Release|Any CPU.Build.0 = Release|Any CPU
		{8299AC81-6198-4E87-9816-D004657539D0}.Debug|Any CPU.ActiveCfg = Debug|Any CPU
		{8299AC81-6198-4E87-9816-D004657539D0}.Debug|Any CPU.Build.0 = Debug|Any CPU
		{8299AC81-6198-4E87-9816-D004657539D0}.Release|Any CPU.ActiveCfg = Release|Any CPU
		{8299AC81-6198-4E87-9816-D004657539D0}.Release|Any CPU.Build.0 = Release|Any CPU
	EndGlobalSection
	GlobalSection(SolutionProperties) = preSolution
		HideSolutionNode = FALSE
	EndGlobalSection
	GlobalSection(ExtensibilityGlobals) = postSolution
		SolutionGuid = {345F386A-DCFB-460D-81E3-82287ED0BF33}
	EndGlobalSection
EndGlobal
