
Microsoft Visual Studio Solution File, Format Version 12.00
# Visual Studio Version 17
VisualStudioVersion = 17.9.34728.123
MinimumVisualStudioVersion = 10.0.40219.1
Project("{FAE04EC0-301F-11D3-BF4B-00C04F79EFBC}") = "MoveOtherAppWindow", "MoveOtherAppWindow.csproj", "{A8D4B05D-1E01-47CF-8343-64DAFE66C665}"
EndProject
Global
	GlobalSection(SolutionConfigurationPlatforms) = preSolution
		Debug|Any CPU = Debug|Any CPU
		Release|Any CPU = Release|Any CPU
	EndGlobalSection
	GlobalSection(ProjectConfigurationPlatforms) = postSolution
		{A8D4B05D-1E01-47CF-8343-64DAFE66C665}.Debug|Any CPU.ActiveCfg = Debug|Any CPU
		{A8D4B05D-1E01-47CF-8343-64DAFE66C665}.Debug|Any CPU.Build.0 = Debug|Any CPU
		{A8D4B05D-1E01-47CF-8343-64DAFE66C665}.Release|Any CPU.ActiveCfg = Release|Any CPU
		{A8D4B05D-1E01-47CF-8343-64DAFE66C665}.Release|Any CPU.Build.0 = Release|Any CPU
	EndGlobalSection
	GlobalSection(SolutionProperties) = preSolution
		HideSolutionNode = FALSE
	EndGlobalSection
	GlobalSection(ExtensibilityGlobals) = postSolution
		SolutionGuid = {DE6E1C25-0916-4489-B02C-AAACAA9FF085}
	EndGlobalSection
EndGlobal
