
Microsoft Visual Studio Solution File, Format Version 12.00
# Visual Studio Version 17
VisualStudioVersion = 17.4.33205.214
MinimumVisualStudioVersion = 10.0.40219.1
Project("{FAE04EC0-301F-11D3-BF4B-00C04F79EFBC}") = "json", "json\json.csproj", "{2438887B-0720-49A4-9136-31B5635D63A6}"
EndProject
Project("{FAE04EC0-301F-11D3-BF4B-00C04F79EFBC}") = "TestProject1", "TestProject1\TestProject1.csproj", "{8A0A3B86-E3B0-4DCD-953D-14659AC3CD41}"
EndProject
Global
	GlobalSection(SolutionConfigurationPlatforms) = preSolution
		Debug|Any CPU = Debug|Any CPU
		Release|Any CPU = Release|Any CPU
	EndGlobalSection
	GlobalSection(ProjectConfigurationPlatforms) = postSolution
		{2438887B-0720-49A4-9136-31B5635D63A6}.Debug|Any CPU.ActiveCfg = Debug|Any CPU
		{2438887B-0720-49A4-9136-31B5635D63A6}.Debug|Any CPU.Build.0 = Debug|Any CPU
		{2438887B-0720-49A4-9136-31B5635D63A6}.Release|Any CPU.ActiveCfg = Release|Any CPU
		{2438887B-0720-49A4-9136-31B5635D63A6}.Release|Any CPU.Build.0 = Release|Any CPU
		{8A0A3B86-E3B0-4DCD-953D-14659AC3CD41}.Debug|Any CPU.ActiveCfg = Debug|Any CPU
		{8A0A3B86-E3B0-4DCD-953D-14659AC3CD41}.Debug|Any CPU.Build.0 = Debug|Any CPU
		{8A0A3B86-E3B0-4DCD-953D-14659AC3CD41}.Release|Any CPU.ActiveCfg = Release|Any CPU
		{8A0A3B86-E3B0-4DCD-953D-14659AC3CD41}.Release|Any CPU.Build.0 = Release|Any CPU
	EndGlobalSection
	GlobalSection(SolutionProperties) = preSolution
		HideSolutionNode = FALSE
	EndGlobalSection
	GlobalSection(ExtensibilityGlobals) = postSolution
		SolutionGuid = {3BE29391-E662-492B-AC26-4B6B9A52BA64}
	EndGlobalSection
EndGlobal
