
Microsoft Visual Studio Solution File, Format Version 12.00
# Visual Studio 14
VisualStudioVersion = 14.0.25123.0
MinimumVisualStudioVersion = 10.0.40219.1
Project("{FAE04EC0-301F-11D3-BF4B-00C04F79EFBC}") = "List4-10", "List4-10\List4-10.csproj", "{A785F4F4-FE4A-473A-9C49-BCD28DDFEA5E}"
EndProject
Global
	GlobalSection(SolutionConfigurationPlatforms) = preSolution
		Debug|Any CPU = Debug|Any CPU
		Release|Any CPU = Release|Any CPU
	EndGlobalSection
	GlobalSection(ProjectConfigurationPlatforms) = postSolution
		{A785F4F4-FE4A-473A-9C49-BCD28DDFEA5E}.Debug|Any CPU.ActiveCfg = Debug|Any CPU
		{A785F4F4-FE4A-473A-9C49-BCD28DDFEA5E}.Debug|Any CPU.Build.0 = Debug|Any CPU
		{A785F4F4-FE4A-473A-9C49-BCD28DDFEA5E}.Release|Any CPU.ActiveCfg = Release|Any CPU
		{A785F4F4-FE4A-473A-9C49-BCD28DDFEA5E}.Release|Any CPU.Build.0 = Release|Any CPU
	EndGlobalSection
	GlobalSection(SolutionProperties) = preSolution
		HideSolutionNode = FALSE
	EndGlobalSection
EndGlobal
