
Microsoft Visual Studio Solution File, Format Version 12.00
# Visual Studio Version 17
VisualStudioVersion = 17.8.34316.72
MinimumVisualStudioVersion = 10.0.40219.1
Project("{FAE04EC0-301F-11D3-BF4B-00C04F79EFBC}") = "WpfApp6", "WpfApp6.csproj", "{7C5D0887-8D6E-465E-805F-83A6AC091D9B}"
EndProject
Global
	GlobalSection(SolutionConfigurationPlatforms) = preSolution
		Debug|Any CPU = Debug|Any CPU
		Release|Any CPU = Release|Any CPU
	EndGlobalSection
	GlobalSection(ProjectConfigurationPlatforms) = postSolution
		{7C5D0887-8D6E-465E-805F-83A6AC091D9B}.Debug|Any CPU.ActiveCfg = Debug|Any CPU
		{7C5D0887-8D6E-465E-805F-83A6AC091D9B}.Debug|Any CPU.Build.0 = Debug|Any CPU
		{7C5D0887-8D6E-465E-805F-83A6AC091D9B}.Release|Any CPU.ActiveCfg = Release|Any CPU
		{7C5D0887-8D6E-465E-805F-83A6AC091D9B}.Release|Any CPU.Build.0 = Release|Any CPU
	EndGlobalSection
	GlobalSection(SolutionProperties) = preSolution
		HideSolutionNode = FALSE
	EndGlobalSection
	GlobalSection(ExtensibilityGlobals) = postSolution
		SolutionGuid = {EF674ADB-55F0-455C-BB4B-93F41EC82089}
	EndGlobalSection
EndGlobal
