
Microsoft Visual Studio Solution File, Format Version 12.00
# Visual Studio Version 17
VisualStudioVersion = 17.8.34316.72
MinimumVisualStudioVersion = 10.0.40219.1
Project("{FAE04EC0-301F-11D3-BF4B-00C04F79EFBC}") = "WpfApp5", "WpfApp5.csproj", "{A21C2F2E-0786-4CE4-9F7D-F2B20F42F92B}"
EndProject
Global
	GlobalSection(SolutionConfigurationPlatforms) = preSolution
		Debug|Any CPU = Debug|Any CPU
		Release|Any CPU = Release|Any CPU
	EndGlobalSection
	GlobalSection(ProjectConfigurationPlatforms) = postSolution
		{A21C2F2E-0786-4CE4-9F7D-F2B20F42F92B}.Debug|Any CPU.ActiveCfg = Debug|Any CPU
		{A21C2F2E-0786-4CE4-9F7D-F2B20F42F92B}.Debug|Any CPU.Build.0 = Debug|Any CPU
		{A21C2F2E-0786-4CE4-9F7D-F2B20F42F92B}.Release|Any CPU.ActiveCfg = Release|Any CPU
		{A21C2F2E-0786-4CE4-9F7D-F2B20F42F92B}.Release|Any CPU.Build.0 = Release|Any CPU
	EndGlobalSection
	GlobalSection(SolutionProperties) = preSolution
		HideSolutionNode = FALSE
	EndGlobalSection
	GlobalSection(ExtensibilityGlobals) = postSolution
		SolutionGuid = {C7443BAC-2ED5-4502-AC6B-469FAE14C399}
	EndGlobalSection
EndGlobal
