
Microsoft Visual Studio Solution File, Format Version 12.00
# Visual Studio Version 17
VisualStudioVersion = 17.3.32811.315
MinimumVisualStudioVersion = 10.0.40219.1
Project("{FAE04EC0-301F-11D3-BF4B-00C04F79EFBC}") = "MVVM2", "MVVM2\MVVM2.csproj", "{5AA536C9-BDF8-4CCF-A953-2D36439F1533}"
EndProject
Global
	GlobalSection(SolutionConfigurationPlatforms) = preSolution
		Debug|Any CPU = Debug|Any CPU
		Release|Any CPU = Release|Any CPU
	EndGlobalSection
	GlobalSection(ProjectConfigurationPlatforms) = postSolution
		{5AA536C9-BDF8-4CCF-A953-2D36439F1533}.Debug|Any CPU.ActiveCfg = Debug|Any CPU
		{5AA536C9-BDF8-4CCF-A953-2D36439F1533}.Debug|Any CPU.Build.0 = Debug|Any CPU
		{5AA536C9-BDF8-4CCF-A953-2D36439F1533}.Release|Any CPU.ActiveCfg = Release|Any CPU
		{5AA536C9-BDF8-4CCF-A953-2D36439F1533}.Release|Any CPU.Build.0 = Release|Any CPU
	EndGlobalSection
	GlobalSection(SolutionProperties) = preSolution
		HideSolutionNode = FALSE
	EndGlobalSection
	GlobalSection(ExtensibilityGlobals) = postSolution
		SolutionGuid = {499FDCE3-B4CE-4764-9B86-BD0EDF4647C9}
	EndGlobalSection
EndGlobal
