
Microsoft Visual Studio Solution File, Format Version 12.00
# Visual Studio Version 17
VisualStudioVersion = 17.7.34031.279
MinimumVisualStudioVersion = 10.0.40219.1
Project("{FAE04EC0-301F-11D3-BF4B-00C04F79EFBC}") = "MauiApp3", "MauiApp3.csproj", "{A77133D5-6B1B-4365-8450-84161E1E4363}"
EndProject
Global
	GlobalSection(SolutionConfigurationPlatforms) = preSolution
		Debug|Any CPU = Debug|Any CPU
		Release|Any CPU = Release|Any CPU
	EndGlobalSection
	GlobalSection(ProjectConfigurationPlatforms) = postSolution
		{A77133D5-6B1B-4365-8450-84161E1E4363}.Debug|Any CPU.ActiveCfg = Debug|Any CPU
		{A77133D5-6B1B-4365-8450-84161E1E4363}.Debug|Any CPU.Build.0 = Debug|Any CPU
		{A77133D5-6B1B-4365-8450-84161E1E4363}.Debug|Any CPU.Deploy.0 = Debug|Any CPU
		{A77133D5-6B1B-4365-8450-84161E1E4363}.Release|Any CPU.ActiveCfg = Release|Any CPU
		{A77133D5-6B1B-4365-8450-84161E1E4363}.Release|Any CPU.Build.0 = Release|Any CPU
		{A77133D5-6B1B-4365-8450-84161E1E4363}.Release|Any CPU.Deploy.0 = Release|Any CPU
	EndGlobalSection
	GlobalSection(SolutionProperties) = preSolution
		HideSolutionNode = FALSE
	EndGlobalSection
	GlobalSection(ExtensibilityGlobals) = postSolution
		SolutionGuid = {CE750FAC-F4F9-4CDD-9E08-3BE4A3E6961B}
	EndGlobalSection
EndGlobal
