
Microsoft Visual Studio Solution File, Format Version 12.00
# Visual Studio 14
VisualStudioVersion = 14.0.24720.0
MinimumVisualStudioVersion = 10.0.40219.1
Project("{FAE04EC0-301F-11D3-BF4B-00C04F79EFBC}") = "List1-1", "List1-1\List1-1.csproj", "{350832C3-F348-4EB1-A804-8B856C25DABF}"
EndProject
Global
	GlobalSection(SolutionConfigurationPlatforms) = preSolution
		Debug|Any CPU = Debug|Any CPU
		Release|Any CPU = Release|Any CPU
	EndGlobalSection
	GlobalSection(ProjectConfigurationPlatforms) = postSolution
		{350832C3-F348-4EB1-A804-8B856C25DABF}.Debug|Any CPU.ActiveCfg = Debug|Any CPU
		{350832C3-F348-4EB1-A804-8B856C25DABF}.Debug|Any CPU.Build.0 = Debug|Any CPU
		{350832C3-F348-4EB1-A804-8B856C25DABF}.Release|Any CPU.ActiveCfg = Release|Any CPU
		{350832C3-F348-4EB1-A804-8B856C25DABF}.Release|Any CPU.Build.0 = Release|Any CPU
	EndGlobalSection
	GlobalSection(SolutionProperties) = preSolution
		HideSolutionNode = FALSE
	EndGlobalSection
EndGlobal
